{
    "hash": "56ff55356f6eaccc98c4c11922e5b6c7",
    "packages": [
        {
            "name": "licorice-labs/twigniter",
            "version": "dev-master",
            "source": {
                "type": "git",
                "url": "https://github.com/licorice-labs/twigniter",
                "reference": "68804c8ff4fffee6773fa33e0a01ecc2b1becf3c"
            },
            "dist": {
                "type": "zip",
                "url": "https://github.com/licorice-labs/twigniter/archive/68804c8ff4fffee6773fa33e0a01ecc2b1becf3c.zip",
                "reference": "68804c8ff4fffee6773fa33e0a01ecc2b1becf3c",
                "shasum": ""
            },
            "require": {
                "php": ">=5.3.0",
                "twig/twig": "1.*"
            },
            "time": "2013-01-18 19:29:37",
            "type": "library",
            "autoload": {
                "psr-0": {
                    "LicoriceLabs\\TwigNiter": "src/"
                }
            },
            "notification-url": "https://packagist.org/downloads/",
            "license": [
                "MIT"
            ],
            "authors": [
                {
                    "name": "Wing Lian",
                    "email": "wing.lian@gmail.com"
                }
            ],
            "description": "Twig templating for CodeIgniter",
            "keywords": [
                "twig",
                "codeigniter"
            ]
        },
        {
            "name": "twig/twig",
            "version": "v1.12.1",
            "source": {
                "type": "git",
                "url": "git://github.com/fabpot/Twig.git",
                "reference": "v1.12.1"
            },
            "dist": {
                "type": "zip",
                "url": "https://github.com/fabpot/Twig/archive/v1.12.1.zip",
                "reference": "v1.12.1",
                "shasum": ""
            },
            "require": {
                "php": ">=5.2.4"
            },
            "time": "2013-01-15 20:03:52",
            "type": "library",
            "extra": {
                "branch-alias": {
                    "dev-master": "1.12-dev"
                }
            },
            "autoload": {
                "psr-0": {
                    "Twig_": "lib/"
                }
            },
            "notification-url": "https://packagist.org/downloads/",
            "license": [
                "BSD-3"
            ],
            "authors": [
                {
                    "name": "Fabien Potencier",
                    "email": "fabien@symfony.com"
                },
                {
                    "name": "Armin Ronacher",
                    "email": "armin.ronacher@active-4.com"
                }
            ],
            "description": "Twig, the flexible, fast, and secure template language for PHP",
            "homepage": "http://twig.sensiolabs.org",
            "keywords": [
                "templating"
            ]
        }
    ],
    "packages-dev": null,
    "aliases": [

    ],
    "minimum-stability": "stable",
    "stability-flags": {
        "licorice-labs/twigniter": 20
    }
}
